// !$*UTF8*$!
{
	archiveVersion = 1;
	classes = {
	};
	objectVersion = 77;
	objects = {

/* Begin PBXBuildFile section */
		81DE69402DD5105F00315C5A /* StudentListView.swift in Sources */ = {isa = PBXBuildFile; fileRef = 81DE693D2DD5105F00315C5A /* StudentListView.swift */; };
		81DE69412DD5105F00315C5A /* SlideUpSheetExampleApp.swift in Sources */ = {isa = PBXBuildFile; fileRef = 81DE693E2DD5105F00315C5A /* SlideUpSheetExampleApp.swift */; };
		81DE69422DD5105F00315C5A /* Preview Assets.xcassets in Resources */ = {isa = PBXBuildFile; fileRef = 81DE693A2DD5105F00315C5A /* Preview Assets.xcassets */; };
		81DE69432DD5105F00315C5A /* Assets.xcassets in Resources */ = {isa = PBXBuildFile; fileRef = 81DE693C2DD5105F00315C5A /* Assets.xcassets */; };
		81DE69482DD5109000315C5A /* Grade.swift in Sources */ = {isa = PBXBuildFile; fileRef = 81DE69472DD5108D00315C5A /* Grade.swift */; };
		81DE694A2DD511D400315C5A /* Student.swift in Sources */ = {isa = PBXBuildFile; fileRef = 81DE69492DD511D200315C5A /* Student.swift */; };
		81DE694C2DD5132300315C5A /* StudentListViewModel.swift in Sources */ = {isa = PBXBuildFile; fileRef = 81DE694B2DD5131D00315C5A /* StudentListViewModel.swift */; };
		81DE694F2DD51BEE00315C5A /* StudentItemView.swift in Sources */ = {isa = PBXBuildFile; fileRef = 81DE694E2DD51BEE00315C5A /* StudentItemView.swift */; };
/* End PBXBuildFile section */

/* Begin PBXFileReference section */
		81DE69292DD5105400315C5A /* SlideUpSheetExample.app */ = {isa = PBXFileReference; explicitFileType = wrapper.application; includeInIndex = 0; path = SlideUpSheetExample.app; sourceTree = BUILT_PRODUCTS_DIR; };
		81DE693A2DD5105F00315C5A /* Preview Assets.xcassets */ = {isa = PBXFileReference; lastKnownFileType = folder.assetcatalog; path = "Preview Assets.xcassets"; sourceTree = "<group>"; };
		81DE693C2DD5105F00315C5A /* Assets.xcassets */ = {isa = PBXFileReference; lastKnownFileType = folder.assetcatalog; path = Assets.xcassets; sourceTree = "<group>"; };
		81DE693D2DD5105F00315C5A /* StudentListView.swift */ = {isa = PBXFileReference; lastKnownFileType = sourcecode.swift; path = StudentListView.swift; sourceTree = "<group>"; };
		81DE693E2DD5105F00315C5A /* SlideUpSheetExampleApp.swift */ = {isa = PBXFileReference; lastKnownFileType = sourcecode.swift; path = SlideUpSheetExampleApp.swift; sourceTree = "<group>"; };
		81DE69472DD5108D00315C5A /* Grade.swift */ = {isa = PBXFileReference; lastKnownFileType = sourcecode.swift; path = Grade.swift; sourceTree = "<group>"; };
		81DE69492DD511D200315C5A /* Student.swift */ = {isa = PBXFileReference; lastKnownFileType = sourcecode.swift; path = Student.swift; sourceTree = "<group>"; };
		81DE694B2DD5131D00315C5A /* StudentListViewModel.swift */ = {isa = PBXFileReference; lastKnownFileType = sourcecode.swift; path = StudentListViewModel.swift; sourceTree = "<group>"; };
		81DE694E2DD51BEE00315C5A /* StudentItemView.swift */ = {isa = PBXFileReference; lastKnownFileType = sourcecode.swift; path = StudentItemView.swift; sourceTree = "<group>"; };
/* End PBXFileReference section */

/* Begin PBXFrameworksBuildPhase section */
		81DE69262DD5105400315C5A /* Frameworks */ = {
			isa = PBXFrameworksBuildPhase;
			buildActionMask = 2147483647;
			files = (
			);
			runOnlyForDeploymentPostprocessing = 0;
		};
/* End PBXFrameworksBuildPhase section */

/* Begin PBXGroup section */
		81DE69202DD5105400315C5A = {
			isa = PBXGroup;
			children = (
				81DE693F2DD5105F00315C5A /* SlideUpSheetExample */,
				81DE692A2DD5105400315C5A /* Products */,
			);
			sourceTree = "<group>";
		};
		81DE692A2DD5105400315C5A /* Products */ = {
			isa = PBXGroup;
			children = (
				81DE69292DD5105400315C5A /* SlideUpSheetExample.app */,
			);
			name = Products;
			sourceTree = "<group>";
		};
		81DE693B2DD5105F00315C5A /* Preview Content */ = {
			isa = PBXGroup;
			children = (
				81DE693A2DD5105F00315C5A /* Preview Assets.xcassets */,
			);
			path = "Preview Content";
			sourceTree = "<group>";
		};
		81DE693F2DD5105F00315C5A /* SlideUpSheetExample */ = {
			isa = PBXGroup;
			children = (
				81DE693E2DD5105F00315C5A /* SlideUpSheetExampleApp.swift */,
				81DE69442DD5106300315C5A /* Model */,
				81DE69452DD5106800315C5A /* ViewModels */,
				81DE69462DD5106F00315C5A /* Views */,
				81DE693B2DD5105F00315C5A /* Preview Content */,
				81DE693C2DD5105F00315C5A /* Assets.xcassets */,
			);
			path = SlideUpSheetExample;
			sourceTree = "<group>";
		};
		81DE69442DD5106300315C5A /* Model */ = {
			isa = PBXGroup;
			children = (
				81DE69492DD511D200315C5A /* Student.swift */,
				81DE69472DD5108D00315C5A /* Grade.swift */,
			);
			path = Model;
			sourceTree = "<group>";
		};
		81DE69452DD5106800315C5A /* ViewModels */ = {
			isa = PBXGroup;
			children = (
				81DE694B2DD5131D00315C5A /* StudentListViewModel.swift */,
			);
			path = ViewModels;
			sourceTree = "<group>";
		};
		81DE69462DD5106F00315C5A /* Views */ = {
			isa = PBXGroup;
			children = (
				81DE694D2DD51BA900315C5A /* Helpers */,
				81DE693D2DD5105F00315C5A /* StudentListView.swift */,
			);
			path = Views;
			sourceTree = "<group>";
		};
		81DE694D2DD51BA900315C5A /* Helpers */ = {
			isa = PBXGroup;
			children = (
				81DE694E2DD51BEE00315C5A /* StudentItemView.swift */,
			);
			path = Helpers;
			sourceTree = "<group>";
		};
/* End PBXGroup section */

/* Begin PBXNativeTarget section */
		81DE69282DD5105400315C5A /* SlideUpSheetExample */ = {
			isa = PBXNativeTarget;
			buildConfigurationList = 81DE69372DD5105600315C5A /* Build configuration list for PBXNativeTarget "SlideUpSheetExample" */;
			buildPhases = (
				81DE69252DD5105400315C5A /* Sources */,
				81DE69262DD5105400315C5A /* Frameworks */,
				81DE69272DD5105400315C5A /* Resources */,
			);
			buildRules = (
			);
			dependencies = (
			);
			name = SlideUpSheetExample;
			packageProductDependencies = (
			);
			productName = SlideUpSheetExample;
			productReference = 81DE69292DD5105400315C5A /* SlideUpSheetExample.app */;
			productType = "com.apple.product-type.application";
		};
/* End PBXNativeTarget section */

/* Begin PBXProject section */
		81DE69212DD5105400315C5A /* Project object */ = {
			isa = PBXProject;
			attributes = {
				BuildIndependentTargetsInParallel = 1;
				LastSwiftUpdateCheck = 1620;
				LastUpgradeCheck = 1620;
				TargetAttributes = {
					81DE69282DD5105400315C5A = {
						CreatedOnToolsVersion = 16.2;
					};
				};
			};
			buildConfigurationList = 81DE69242DD5105400315C5A /* Build configuration list for PBXProject "SlideUpSheetExample" */;
			developmentRegion = en;
			hasScannedForEncodings = 0;
			knownRegions = (
				en,
				Base,
			);
			mainGroup = 81DE69202DD5105400315C5A;
			minimizedProjectReferenceProxies = 1;
			preferredProjectObjectVersion = 77;
			productRefGroup = 81DE692A2DD5105400315C5A /* Products */;
			projectDirPath = "";
			projectRoot = "";
			targets = (
				81DE69282DD5105400315C5A /* SlideUpSheetExample */,
			);
		};
/* End PBXProject section */

/* Begin PBXResourcesBuildPhase section */
		81DE69272DD5105400315C5A /* Resources */ = {
			isa = PBXResourcesBuildPhase;
			buildActionMask = 2147483647;
			files = (
				81DE69422DD5105F00315C5A /* Preview Assets.xcassets in Resources */,
				81DE69432DD5105F00315C5A /* Assets.xcassets in Resources */,
			);
			runOnlyForDeploymentPostprocessing = 0;
		};
/* End PBXResourcesBuildPhase section */

/* Begin PBXSourcesBuildPhase section */
		81DE69252DD5105400315C5A /* Sources */ = {
			isa = PBXSourcesBuildPhase;
			buildActionMask = 2147483647;
			files = (
				81DE694C2DD5132300315C5A /* StudentListViewModel.swift in Sources */,
				81DE69402DD5105F00315C5A /* StudentListView.swift in Sources */,
				81DE69412DD5105F00315C5A /* SlideUpSheetExampleApp.swift in Sources */,
				81DE694A2DD511D400315C5A /* Student.swift in Sources */,
				81DE69482DD5109000315C5A /* Grade.swift in Sources */,
				81DE694F2DD51BEE00315C5A /* StudentItemView.swift in Sources */,
			);
			runOnlyForDeploymentPostprocessing = 0;
		};
/* End PBXSourcesBuildPhase section */

/* Begin XCBuildConfiguration section */
		81DE69352DD5105600315C5A /* Debug */ = {
			isa = XCBuildConfiguration;
			buildSettings = {
				ALWAYS_SEARCH_USER_PATHS = NO;
				ASSETCATALOG_COMPILER_GENERATE_SWIFT_ASSET_SYMBOL_EXTENSIONS = YES;
				CLANG_ANALYZER_NONNULL = YES;
				CLANG_ANALYZER_NUMBER_OBJECT_CONVERSION = YES_AGGRESSIVE;
				CLANG_CXX_LANGUAGE_STANDARD = "gnu++20";
				CLANG_ENABLE_MODULES = YES;
				CLANG_ENABLE_OBJC_ARC = YES;
				CLANG_ENABLE_OBJC_WEAK = YES;
				CLANG_WARN_BLOCK_CAPTURE_AUTORELEASING = YES;
				CLANG_WARN_BOOL_CONVERSION = YES;
				CLANG_WARN_COMMA = YES;
				CLANG_WARN_CONSTANT_CONVERSION = YES;
				CLANG_WARN_DEPRECATED_OBJC_IMPLEMENTATIONS = YES;
				CLANG_WARN_DIRECT_OBJC_ISA_USAGE = YES_ERROR;
				CLANG_WARN_DOCUMENTATION_COMMENTS = YES;
				CLANG_WARN_EMPTY_BODY = YES;
				CLANG_WARN_ENUM_CONVERSION = YES;
				CLANG_WARN_INFINITE_RECURSION = YES;
				CLANG_WARN_INT_CONVERSION = YES;
				CLANG_WARN_NON_LITERAL_NULL_CONVERSION = YES;
				CLANG_WARN_OBJC_IMPLICIT_RETAIN_SELF = YES;
				CLANG_WARN_OBJC_LITERAL_CONVERSION = YES;
				CLANG_WARN_OBJC_ROOT_CLASS = YES_ERROR;
				CLANG_WARN_QUOTED_INCLUDE_IN_FRAMEWORK_HEADER = YES;
				CLANG_WARN_RANGE_LOOP_ANALYSIS = YES;
				CLANG_WARN_STRICT_PROTOTYPES = YES;
				CLANG_WARN_SUSPICIOUS_MOVE = YES;
				CLANG_WARN_UNGUARDED_AVAILABILITY = YES_AGGRESSIVE;
				CLANG_WARN_UNREACHABLE_CODE = YES;
				CLANG_WARN__DUPLICATE_METHOD_MATCH = YES;
				COPY_PHASE_STRIP = NO;
				DEBUG_INFORMATION_FORMAT = dwarf;
				ENABLE_STRICT_OBJC_MSGSEND = YES;
				ENABLE_TESTABILITY = YES;
				ENABLE_USER_SCRIPT_SANDBOXING = YES;
				GCC_C_LANGUAGE_STANDARD = gnu17;
				GCC_DYNAMIC_NO_PIC = NO;
				GCC_NO_COMMON_BLOCKS = YES;
				GCC_OPTIMIZATION_LEVEL = 0;
				GCC_PREPROCESSOR_DEFINITIONS = (
					"DEBUG=1",
					"$(inherited)",
				);
				GCC_WARN_64_TO_32_BIT_CONVERSION = YES;
				GCC_WARN_ABOUT_RETURN_TYPE = YES_ERROR;
				GCC_WARN_UNDECLARED_SELECTOR = YES;
				GCC_WARN_UNINITIALIZED_AUTOS = YES_AGGRESSIVE;
				GCC_WARN_UNUSED_FUNCTION = YES;
				GCC_WARN_UNUSED_VARIABLE = YES;
				IPHONEOS_DEPLOYMENT_TARGET = 18.2;
				LOCALIZATION_PREFERS_STRING_CATALOGS = YES;
				MTL_ENABLE_DEBUG_INFO = INCLUDE_SOURCE;
				MTL_FAST_MATH = YES;
				ONLY_ACTIVE_ARCH = YES;
				SDKROOT = iphoneos;
				SWIFT_ACTIVE_COMPILATION_CONDITIONS = "DEBUG $(inherited)";
				SWIFT_OPTIMIZATION_LEVEL = "-Onone";
			};
			name = Debug;
		};
		81DE69362DD5105600315C5A /* Release */ = {
			isa = XCBuildConfiguration;
			buildSettings = {
				ALWAYS_SEARCH_USER_PATHS = NO;
				ASSETCATALOG_COMPILER_GENERATE_SWIFT_ASSET_SYMBOL_EXTENSIONS = YES;
				CLANG_ANALYZER_NONNULL = YES;
				CLANG_ANALYZER_NUMBER_OBJECT_CONVERSION = YES_AGGRESSIVE;
				CLANG_CXX_LANGUAGE_STANDARD = "gnu++20";
				CLANG_ENABLE_MODULES = YES;
				CLANG_ENABLE_OBJC_ARC = YES;
				CLANG_ENABLE_OBJC_WEAK = YES;
				CLANG_WARN_BLOCK_CAPTURE_AUTORELEASING = YES;
				CLANG_WARN_BOOL_CONVERSION = YES;
				CLANG_WARN_COMMA = YES;
				CLANG_WARN_CONSTANT_CONVERSION = YES;
				CLANG_WARN_DEPRECATED_OBJC_IMPLEMENTATIONS = YES;
				CLANG_WARN_DIRECT_OBJC_ISA_USAGE = YES_ERROR;
				CLANG_WARN_DOCUMENTATION_COMMENTS = YES;
				CLANG_WARN_EMPTY_BODY = YES;
				CLANG_WARN_ENUM_CONVERSION = YES;
				CLANG_WARN_INFINITE_RECURSION = YES;
				CLANG_WARN_INT_CONVERSION = YES;
				CLANG_WARN_NON_LITERAL_NULL_CONVERSION = YES;
				CLANG_WARN_OBJC_IMPLICIT_RETAIN_SELF = YES;
				CLANG_WARN_OBJC_LITERAL_CONVERSION = YES;
				CLANG_WARN_OBJC_ROOT_CLASS = YES_ERROR;
				CLANG_WARN_QUOTED_INCLUDE_IN_FRAMEWORK_HEADER = YES;
				CLANG_WARN_RANGE_LOOP_ANALYSIS = YES;
				CLANG_WARN_STRICT_PROTOTYPES = YES;
				CLANG_WARN_SUSPICIOUS_MOVE = YES;
				CLANG_WARN_UNGUARDED_AVAILABILITY = YES_AGGRESSIVE;
				CLANG_WARN_UNREACHABLE_CODE = YES;
				CLANG_WARN__DUPLICATE_METHOD_MATCH = YES;
				COPY_PHASE_STRIP = NO;
				DEBUG_INFORMATION_FORMAT = "dwarf-with-dsym";
				ENABLE_NS_ASSERTIONS = NO;
				ENABLE_STRICT_OBJC_MSGSEND = YES;
				ENABLE_USER_SCRIPT_SANDBOXING = YES;
				GCC_C_LANGUAGE_STANDARD = gnu17;
				GCC_NO_COMMON_BLOCKS = YES;
				GCC_WARN_64_TO_32_BIT_CONVERSION = YES;
				GCC_WARN_ABOUT_RETURN_TYPE = YES_ERROR;
				GCC_WARN_UNDECLARED_SELECTOR = YES;
				GCC_WARN_UNINITIALIZED_AUTOS = YES_AGGRESSIVE;
				GCC_WARN_UNUSED_FUNCTION = YES;
				GCC_WARN_UNUSED_VARIABLE = YES;
				IPHONEOS_DEPLOYMENT_TARGET = 18.2;
				LOCALIZATION_PREFERS_STRING_CATALOGS = YES;
				MTL_ENABLE_DEBUG_INFO = NO;
				MTL_FAST_MATH = YES;
				SDKROOT = iphoneos;
				SWIFT_COMPILATION_MODE = wholemodule;
				VALIDATE_PRODUCT = YES;
			};
			name = Release;
		};
		81DE69382DD5105600315C5A /* Debug */ = {
			isa = XCBuildConfiguration;
			buildSettings = {
				ASSETCATALOG_COMPILER_APPICON_NAME = AppIcon;
				ASSETCATALOG_COMPILER_GLOBAL_ACCENT_COLOR_NAME = AccentColor;
				CODE_SIGN_STYLE = Automatic;
				CURRENT_PROJECT_VERSION = 1;
				DEVELOPMENT_ASSET_PATHS = "\"SlideUpSheetExample/Preview Content\"";
				ENABLE_PREVIEWS = YES;
				GENERATE_INFOPLIST_FILE = YES;
				INFOPLIST_KEY_UIApplicationSceneManifest_Generation = YES;
				INFOPLIST_KEY_UIApplicationSupportsIndirectInputEvents = YES;
				INFOPLIST_KEY_UILaunchScreen_Generation = YES;
				INFOPLIST_KEY_UISupportedInterfaceOrientations_iPad = "UIInterfaceOrientationPortrait UIInterfaceOrientationPortraitUpsideDown UIInterfaceOrientationLandscapeLeft UIInterfaceOrientationLandscapeRight";
				INFOPLIST_KEY_UISupportedInterfaceOrientations_iPhone = "UIInterfaceOrientationPortrait UIInterfaceOrientationLandscapeLeft UIInterfaceOrientationLandscapeRight";
				LD_RUNPATH_SEARCH_PATHS = (
					"$(inherited)",
					"@executable_path/Frameworks",
				);
				MARKETING_VERSION = 1.0;
				PRODUCT_BUNDLE_IDENTIFIER = ca.russellgordon.SlideUpSheetExample;
				PRODUCT_NAME = "$(TARGET_NAME)";
				SWIFT_EMIT_LOC_STRINGS = YES;
				SWIFT_VERSION = 5.0;
				TARGETED_DEVICE_FAMILY = "1,2";
			};
			name = Debug;
		};
		81DE69392DD5105600315C5A /* Release */ = {
			isa = XCBuildConfiguration;
			buildSettings = {
				ASSETCATALOG_COMPILER_APPICON_NAME = AppIcon;
				ASSETCATALOG_COMPILER_GLOBAL_ACCENT_COLOR_NAME = AccentColor;
				CODE_SIGN_STYLE = Automatic;
				CURRENT_PROJECT_VERSION = 1;
				DEVELOPMENT_ASSET_PATHS = "\"SlideUpSheetExample/Preview Content\"";
				ENABLE_PREVIEWS = YES;
				GENERATE_INFOPLIST_FILE = YES;
				INFOPLIST_KEY_UIApplicationSceneManifest_Generation = YES;
				INFOPLIST_KEY_UIApplicationSupportsIndirectInputEvents = YES;
				INFOPLIST_KEY_UILaunchScreen_Generation = YES;
				INFOPLIST_KEY_UISupportedInterfaceOrientations_iPad = "UIInterfaceOrientationPortrait UIInterfaceOrientationPortraitUpsideDown UIInterfaceOrientationLandscapeLeft UIInterfaceOrientationLandscapeRight";
				INFOPLIST_KEY_UISupportedInterfaceOrientations_iPhone = "UIInterfaceOrientationPortrait UIInterfaceOrientationLandscapeLeft UIInterfaceOrientationLandscapeRight";
				LD_RUNPATH_SEARCH_PATHS = (
					"$(inherited)",
					"@executable_path/Frameworks",
				);
				MARKETING_VERSION = 1.0;
				PRODUCT_BUNDLE_IDENTIFIER = ca.russellgordon.SlideUpSheetExample;
				PRODUCT_NAME = "$(TARGET_NAME)";
				SWIFT_EMIT_LOC_STRINGS = YES;
				SWIFT_VERSION = 5.0;
				TARGETED_DEVICE_FAMILY = "1,2";
			};
			name = Release;
		};
/* End XCBuildConfiguration section */

/* Begin XCConfigurationList section */
		81DE69242DD5105400315C5A /* Build configuration list for PBXProject "SlideUpSheetExample" */ = {
			isa = XCConfigurationList;
			buildConfigurations = (
				81DE69352DD5105600315C5A /* Debug */,
				81DE69362DD5105600315C5A /* Release */,
			);
			defaultConfigurationIsVisible = 0;
			defaultConfigurationName = Release;
		};
		81DE69372DD5105600315C5A /* Build configuration list for PBXNativeTarget "SlideUpSheetExample" */ = {
			isa = XCConfigurationList;
			buildConfigurations = (
				81DE69382DD5105600315C5A /* Debug */,
				81DE69392DD5105600315C5A /* Release */,
			);
			defaultConfigurationIsVisible = 0;
			defaultConfigurationName = Release;
		};
/* End XCConfigurationList section */
	};
	rootObject = 81DE69212DD5105400315C5A /* Project object */;
}
